
Microsoft Visual Studio Solution File, Format Version 12.00
# Visual Studio Version 17
VisualStudioVersion = 17.5.001.0
MinimumVisualStudioVersion = 10.0.40219.1
Project("{9A19103F-16F7-4668-BE54-9A1E7A4F7556}") = "Task_41", "Task_41.csproj", "{CC977C04-60F9-4E9F-88CC-A348B600959F}"
EndProject
Global
	GlobalSection(SolutionConfigurationPlatforms) = preSolution
		Debug|Any CPU = Debug|Any CPU
		Release|Any CPU = Release|Any CPU
	EndGlobalSection
	GlobalSection(ProjectConfigurationPlatforms) = postSolution
		{CC977C04-60F9-4E9F-88CC-A348B600959F}.Debug|Any CPU.ActiveCfg = Debug|Any CPU
		{CC977C04-60F9-4E9F-88CC-A348B600959F}.Debug|Any CPU.Build.0 = Debug|Any CPU
		{CC977C04-60F9-4E9F-88CC-A348B600959F}.Release|Any CPU.ActiveCfg = Release|Any CPU
		{CC977C04-60F9-4E9F-88CC-A348B600959F}.Release|Any CPU.Build.0 = Release|Any CPU
	EndGlobalSection
	GlobalSection(SolutionProperties) = preSolution
		HideSolutionNode = FALSE
	EndGlobalSection
	GlobalSection(ExtensibilityGlobals) = postSolution
		SolutionGuid = {3E7D1735-943C-4CA8-AA0B-57E5EC8B2E77}
	EndGlobalSection
EndGlobal
